
Microsoft Visual Studio Solution File, Format Version 12.00
# Visual Studio Version 17
VisualStudioVersion = 17.0.31903.59
MinimumVisualStudioVersion = 10.0.40219.1
Project("{FAE04EC0-301F-11D3-BF4B-00C04F79EFBC}") = "eTickets", "eTickets\eTickets.csproj", "{1C916BFE-A1AF-4CBA-8E0E-E51FE614742E}"
EndProject
Global
	GlobalSection(SolutionConfigurationPlatforms) = preSolution
		Debug|Any CPU = Debug|Any CPU
		Release|Any CPU = Release|Any CPU
	EndGlobalSection
	GlobalSection(ProjectConfigurationPlatforms) = postSolution
		{1C916BFE-A1AF-4CBA-8E0E-E51FE614742E}.Debug|Any CPU.ActiveCfg = Debug|Any CPU
		{1C916BFE-A1AF-4CBA-8E0E-E51FE614742E}.Debug|Any CPU.Build.0 = Debug|Any CPU
		{1C916BFE-A1AF-4CBA-8E0E-E51FE614742E}.Release|Any CPU.ActiveCfg = Release|Any CPU
		{1C916BFE-A1AF-4CBA-8E0E-E51FE614742E}.Release|Any CPU.Build.0 = Release|Any CPU
	EndGlobalSection
	GlobalSection(SolutionProperties) = preSolution
		HideSolutionNode = FALSE
	EndGlobalSection
	GlobalSection(ExtensibilityGlobals) = postSolution
		SolutionGuid = {5F9D54C8-2E58-4BD3-9556-3795F72B9374}
	EndGlobalSection
EndGlobal
